{
  "requires": true,
  "lockfileVersion": 1,
  "dependencies": {
    "@types/grecaptcha": {
      "version": "2.0.34",
      "resolved": "https://registry.npmjs.org/@types/grecaptcha/-/grecaptcha-2.0.34.tgz",
      "integrity": "sha512-4/qMJj4IG/KbVBToZHFy0BT6Y/WolKw7AOPVcbPFzV2kUhuMJz2dP0I8HqdH94/dy1FBvpXSJyD9A3r8d6Jo/g==",
      "optional": true
    },
    "ng-recaptcha": {
      "version": "3.0.5",
      "resolved": "https://registry.npmjs.org/ng-recaptcha/-/ng-recaptcha-3.0.5.tgz",
      "integrity": "sha1-4ioggAkB9c9EaM9fXWmvAfEiB5M=",
      "requires": {
        "@types/grecaptcha": "2.0.34"
      }
    }
  }
}
